// !$*UTF8*$!
{
	archiveVersion = 1;
	classes = {
	};
	objectVersion = 50;
	objects = {

/* Begin PBXBuildFile section */
		B1057E64244B63720062602E /* AppDelegate.swift in Sources */ = {isa = PBXBuildFile; fileRef = B1057E63244B63720062602E /* AppDelegate.swift */; };
		B1057E66244B63720062602E /* SceneDelegate.swift in Sources */ = {isa = PBXBuildFile; fileRef = B1057E65244B63720062602E /* SceneDelegate.swift */; };
		B1057E68244B63720062602E /* ViewController.swift in Sources */ = {isa = PBXBuildFile; fileRef = B1057E67244B63720062602E /* ViewController.swift */; };
		B1057E6D244B63740062602E /* Assets.xcassets in Resources */ = {isa = PBXBuildFile; fileRef = B1057E6C244B63740062602E /* Assets.xcassets */; };
		B1057E70244B63740062602E /* LaunchScreen.storyboard in Resources */ = {isa = PBXBuildFile; fileRef = B1057E6E244B63740062602E /* LaunchScreen.storyboard */; };
		B1057E78244B65900062602E /* Album.swift in Sources */ = {isa = PBXBuildFile; fileRef = B1057E77244B65900062602E /* Album.swift */; };
		B1057E7C244B7B6A0062602E /* BeatlesDataSource.swift in Sources */ = {isa = PBXBuildFile; fileRef = B1057E7B244B7B6A0062602E /* BeatlesDataSource.swift */; };
		B1057E7E244B7BDF0062602E /* beatlesImages in Resources */ = {isa = PBXBuildFile; fileRef = B1057E7D244B7BDF0062602E /* beatlesImages */; };
		B1057E80244B80B00062602E /* AlbumCell.swift in Sources */ = {isa = PBXBuildFile; fileRef = B1057E7F244B80B00062602E /* AlbumCell.swift */; };
/* End PBXBuildFile section */

/* Begin PBXFileReference section */
		B1057E60244B63720062602E /* BeatlesAlbums.app */ = {isa = PBXFileReference; explicitFileType = wrapper.application; includeInIndex = 0; path = BeatlesAlbums.app; sourceTree = BUILT_PRODUCTS_DIR; };
		B1057E63244B63720062602E /* AppDelegate.swift */ = {isa = PBXFileReference; lastKnownFileType = sourcecode.swift; path = AppDelegate.swift; sourceTree = "<group>"; };
		B1057E65244B63720062602E /* SceneDelegate.swift */ = {isa = PBXFileReference; lastKnownFileType = sourcecode.swift; path = SceneDelegate.swift; sourceTree = "<group>"; };
		B1057E67244B63720062602E /* ViewController.swift */ = {isa = PBXFileReference; lastKnownFileType = sourcecode.swift; path = ViewController.swift; sourceTree = "<group>"; };
		B1057E6C244B63740062602E /* Assets.xcassets */ = {isa = PBXFileReference; lastKnownFileType = folder.assetcatalog; path = Assets.xcassets; sourceTree = "<group>"; };
		B1057E6F244B63740062602E /* Base */ = {isa = PBXFileReference; lastKnownFileType = file.storyboard; name = Base; path = Base.lproj/LaunchScreen.storyboard; sourceTree = "<group>"; };
		B1057E71244B63740062602E /* Info.plist */ = {isa = PBXFileReference; lastKnownFileType = text.plist.xml; path = Info.plist; sourceTree = "<group>"; };
		B1057E77244B65900062602E /* Album.swift */ = {isa = PBXFileReference; lastKnownFileType = sourcecode.swift; path = Album.swift; sourceTree = "<group>"; };
		B1057E7B244B7B6A0062602E /* BeatlesDataSource.swift */ = {isa = PBXFileReference; fileEncoding = 4; lastKnownFileType = sourcecode.swift; path = BeatlesDataSource.swift; sourceTree = "<group>"; };
		B1057E7D244B7BDF0062602E /* beatlesImages */ = {isa = PBXFileReference; lastKnownFileType = folder; path = beatlesImages; sourceTree = "<group>"; };
		B1057E7F244B80B00062602E /* AlbumCell.swift */ = {isa = PBXFileReference; lastKnownFileType = sourcecode.swift; path = AlbumCell.swift; sourceTree = "<group>"; };
/* End PBXFileReference section */

/* Begin PBXFrameworksBuildPhase section */
		B1057E5D244B63720062602E /* Frameworks */ = {
			isa = PBXFrameworksBuildPhase;
			buildActionMask = 2147483647;
			files = (
			);
			runOnlyForDeploymentPostprocessing = 0;
		};
/* End PBXFrameworksBuildPhase section */

/* Begin PBXGroup section */
		B1057E57244B63720062602E = {
			isa = PBXGroup;
			children = (
				B1057E62244B63720062602E /* BeatlesAlbums */,
				B1057E61244B63720062602E /* Products */,
			);
			sourceTree = "<group>";
		};
		B1057E61244B63720062602E /* Products */ = {
			isa = PBXGroup;
			children = (
				B1057E60244B63720062602E /* BeatlesAlbums.app */,
			);
			name = Products;
			sourceTree = "<group>";
		};
		B1057E62244B63720062602E /* BeatlesAlbums */ = {
			isa = PBXGroup;
			children = (
				B1057E63244B63720062602E /* AppDelegate.swift */,
				B1057E65244B63720062602E /* SceneDelegate.swift */,
				B1057E67244B63720062602E /* ViewController.swift */,
				B1057E6C244B63740062602E /* Assets.xcassets */,
				B1057E6E244B63740062602E /* LaunchScreen.storyboard */,
				B1057E71244B63740062602E /* Info.plist */,
				B1057E77244B65900062602E /* Album.swift */,
				B1057E7D244B7BDF0062602E /* beatlesImages */,
				B1057E7B244B7B6A0062602E /* BeatlesDataSource.swift */,
				B1057E7F244B80B00062602E /* AlbumCell.swift */,
			);
			path = BeatlesAlbums;
			sourceTree = "<group>";
		};
/* End PBXGroup section */

/* Begin PBXNativeTarget section */
		B1057E5F244B63720062602E /* BeatlesAlbums */ = {
			isa = PBXNativeTarget;
			buildConfigurationList = B1057E74244B63740062602E /* Build configuration list for PBXNativeTarget "BeatlesAlbums" */;
			buildPhases = (
				B1057E5C244B63720062602E /* Sources */,
				B1057E5D244B63720062602E /* Frameworks */,
				B1057E5E244B63720062602E /* Resources */,
			);
			buildRules = (
			);
			dependencies = (
			);
			name = BeatlesAlbums;
			productName = BeatlesAlbums;
			productReference = B1057E60244B63720062602E /* BeatlesAlbums.app */;
			productType = "com.apple.product-type.application";
		};
/* End PBXNativeTarget section */

/* Begin PBXProject section */
		B1057E58244B63720062602E /* Project object */ = {
			isa = PBXProject;
			attributes = {
				LastSwiftUpdateCheck = 1140;
				LastUpgradeCheck = 1140;
				ORGANIZATIONNAME = "Jonathan Compton";
				TargetAttributes = {
					B1057E5F244B63720062602E = {
						CreatedOnToolsVersion = 11.4;
					};
				};
			};
			buildConfigurationList = B1057E5B244B63720062602E /* Build configuration list for PBXProject "BeatlesAlbums" */;
			compatibilityVersion = "Xcode 9.3";
			developmentRegion = en;
			hasScannedForEncodings = 0;
			knownRegions = (
				en,
				Base,
			);
			mainGroup = B1057E57244B63720062602E;
			productRefGroup = B1057E61244B63720062602E /* Products */;
			projectDirPath = "";
			projectRoot = "";
			targets = (
				B1057E5F244B63720062602E /* BeatlesAlbums */,
			);
		};
/* End PBXProject section */

/* Begin PBXResourcesBuildPhase section */
		B1057E5E244B63720062602E /* Resources */ = {
			isa = PBXResourcesBuildPhase;
			buildActionMask = 2147483647;
			files = (
				B1057E70244B63740062602E /* LaunchScreen.storyboard in Resources */,
				B1057E7E244B7BDF0062602E /* beatlesImages in Resources */,
				B1057E6D244B63740062602E /* Assets.xcassets in Resources */,
			);
			runOnlyForDeploymentPostprocessing = 0;
		};
/* End PBXResourcesBuildPhase section */

/* Begin PBXSourcesBuildPhase section */
		B1057E5C244B63720062602E /* Sources */ = {
			isa = PBXSourcesBuildPhase;
			buildActionMask = 2147483647;
			files = (
				B1057E68244B63720062602E /* ViewController.swift in Sources */,
				B1057E64244B63720062602E /* AppDelegate.swift in Sources */,
				B1057E66244B63720062602E /* SceneDelegate.swift in Sources */,
				B1057E7C244B7B6A0062602E /* BeatlesDataSource.swift in Sources */,
				B1057E78244B65900062602E /* Album.swift in Sources */,
				B1057E80244B80B00062602E /* AlbumCell.swift in Sources */,
			);
			runOnlyForDeploymentPostprocessing = 0;
		};
/* End PBXSourcesBuildPhase section */

/* Begin PBXVariantGroup section */
		B1057E6E244B63740062602E /* LaunchScreen.storyboard */ = {
			isa = PBXVariantGroup;
			children = (
				B1057E6F244B63740062602E /* Base */,
			);
			name = LaunchScreen.storyboard;
			sourceTree = "<group>";
		};
/* End PBXVariantGroup section */

/* Begin XCBuildConfiguration section */
		B1057E72244B63740062602E /* Debug */ = {
			isa = XCBuildConfiguration;
			buildSettings = {
				ALWAYS_SEARCH_USER_PATHS = NO;
				CLANG_ANALYZER_NONNULL = YES;
				CLANG_ANALYZER_NUMBER_OBJECT_CONVERSION = YES_AGGRESSIVE;
				CLANG_CXX_LANGUAGE_STANDARD = "gnu++14";
				CLANG_CXX_LIBRARY = "libc++";
				CLANG_ENABLE_MODULES = YES;
				CLANG_ENABLE_OBJC_ARC = YES;
				CLANG_ENABLE_OBJC_WEAK = YES;
				CLANG_WARN_BLOCK_CAPTURE_AUTORELEASING = YES;
				CLANG_WARN_BOOL_CONVERSION = YES;
				CLANG_WARN_COMMA = YES;
				CLANG_WARN_CONSTANT_CONVERSION = YES;
				CLANG_WARN_DEPRECATED_OBJC_IMPLEMENTATIONS = YES;
				CLANG_WARN_DIRECT_OBJC_ISA_USAGE = YES_ERROR;
				CLANG_WARN_DOCUMENTATION_COMMENTS = YES;
				CLANG_WARN_EMPTY_BODY = YES;
				CLANG_WARN_ENUM_CONVERSION = YES;
				CLANG_WARN_INFINITE_RECURSION = YES;
				CLANG_WARN_INT_CONVERSION = YES;
				CLANG_WARN_NON_LITERAL_NULL_CONVERSION = YES;
				CLANG_WARN_OBJC_IMPLICIT_RETAIN_SELF = YES;
				CLANG_WARN_OBJC_LITERAL_CONVERSION = YES;
				CLANG_WARN_OBJC_ROOT_CLASS = YES_ERROR;
				CLANG_WARN_RANGE_LOOP_ANALYSIS = YES;
				CLANG_WARN_STRICT_PROTOTYPES = YES;
				CLANG_WARN_SUSPICIOUS_MOVE = YES;
				CLANG_WARN_UNGUARDED_AVAILABILITY = YES_AGGRESSIVE;
				CLANG_WARN_UNREACHABLE_CODE = YES;
				CLANG_WARN__DUPLICATE_METHOD_MATCH = YES;
				COPY_PHASE_STRIP = NO;
				DEBUG_INFORMATION_FORMAT = dwarf;
				ENABLE_STRICT_OBJC_MSGSEND = YES;
				ENABLE_TESTABILITY = YES;
				GCC_C_LANGUAGE_STANDARD = gnu11;
				GCC_DYNAMIC_NO_PIC = NO;
				GCC_NO_COMMON_BLOCKS = YES;
				GCC_OPTIMIZATION_LEVEL = 0;
				GCC_PREPROCESSOR_DEFINITIONS = (
					"DEBUG=1",
					"$(inherited)",
				);
				GCC_WARN_64_TO_32_BIT_CONVERSION = YES;
				GCC_WARN_ABOUT_RETURN_TYPE = YES_ERROR;
				GCC_WARN_UNDECLARED_SELECTOR = YES;
				GCC_WARN_UNINITIALIZED_AUTOS = YES_AGGRESSIVE;
				GCC_WARN_UNUSED_FUNCTION = YES;
				GCC_WARN_UNUSED_VARIABLE = YES;
				IPHONEOS_DEPLOYMENT_TARGET = 13.4;
				MTL_ENABLE_DEBUG_INFO = INCLUDE_SOURCE;
				MTL_FAST_MATH = YES;
				ONLY_ACTIVE_ARCH = YES;
				SDKROOT = iphoneos;
				SWIFT_ACTIVE_COMPILATION_CONDITIONS = DEBUG;
				SWIFT_OPTIMIZATION_LEVEL = "-Onone";
			};
			name = Debug;
		};
		B1057E73244B63740062602E /* Release */ = {
			isa = XCBuildConfiguration;
			buildSettings = {
				ALWAYS_SEARCH_USER_PATHS = NO;
				CLANG_ANALYZER_NONNULL = YES;
				CLANG_ANALYZER_NUMBER_OBJECT_CONVERSION = YES_AGGRESSIVE;
				CLANG_CXX_LANGUAGE_STANDARD = "gnu++14";
				CLANG_CXX_LIBRARY = "libc++";
				CLANG_ENABLE_MODULES = YES;
				CLANG_ENABLE_OBJC_ARC = YES;
				CLANG_ENABLE_OBJC_WEAK = YES;
				CLANG_WARN_BLOCK_CAPTURE_AUTORELEASING = YES;
				CLANG_WARN_BOOL_CONVERSION = YES;
				CLANG_WARN_COMMA = YES;
				CLANG_WARN_CONSTANT_CONVERSION = YES;
				CLANG_WARN_DEPRECATED_OBJC_IMPLEMENTATIONS = YES;
				CLANG_WARN_DIRECT_OBJC_ISA_USAGE = YES_ERROR;
				CLANG_WARN_DOCUMENTATION_COMMENTS = YES;
				CLANG_WARN_EMPTY_BODY = YES;
				CLANG_WARN_ENUM_CONVERSION = YES;
				CLANG_WARN_INFINITE_RECURSION = YES;
				CLANG_WARN_INT_CONVERSION = YES;
				CLANG_WARN_NON_LITERAL_NULL_CONVERSION = YES;
				CLANG_WARN_OBJC_IMPLICIT_RETAIN_SELF = YES;
				CLANG_WARN_OBJC_LITERAL_CONVERSION = YES;
				CLANG_WARN_OBJC_ROOT_CLASS = YES_ERROR;
				CLANG_WARN_RANGE_LOOP_ANALYSIS = YES;
				CLANG_WARN_STRICT_PROTOTYPES = YES;
				CLANG_WARN_SUSPICIOUS_MOVE = YES;
				CLANG_WARN_UNGUARDED_AVAILABILITY = YES_AGGRESSIVE;
				CLANG_WARN_UNREACHABLE_CODE = YES;
				CLANG_WARN__DUPLICATE_METHOD_MATCH = YES;
				COPY_PHASE_STRIP = NO;
				DEBUG_INFORMATION_FORMAT = "dwarf-with-dsym";
				ENABLE_NS_ASSERTIONS = NO;
				ENABLE_STRICT_OBJC_MSGSEND = YES;
				GCC_C_LANGUAGE_STANDARD = gnu11;
				GCC_NO_COMMON_BLOCKS = YES;
				GCC_WARN_64_TO_32_BIT_CONVERSION = YES;
				GCC_WARN_ABOUT_RETURN_TYPE = YES_ERROR;
				GCC_WARN_UNDECLARED_SELECTOR = YES;
				GCC_WARN_UNINITIALIZED_AUTOS = YES_AGGRESSIVE;
				GCC_WARN_UNUSED_FUNCTION = YES;
				GCC_WARN_UNUSED_VARIABLE = YES;
				IPHONEOS_DEPLOYMENT_TARGET = 13.4;
				MTL_ENABLE_DEBUG_INFO = NO;
				MTL_FAST_MATH = YES;
				SDKROOT = iphoneos;
				SWIFT_COMPILATION_MODE = wholemodule;
				SWIFT_OPTIMIZATION_LEVEL = "-O";
				VALIDATE_PRODUCT = YES;
			};
			name = Release;
		};
		B1057E75244B63740062602E /* Debug */ = {
			isa = XCBuildConfiguration;
			buildSettings = {
				ASSETCATALOG_COMPILER_APPICON_NAME = AppIcon;
				CODE_SIGN_STYLE = Automatic;
				DEVELOPMENT_TEAM = RF9G4QRLLG;
				INFOPLIST_FILE = BeatlesAlbums/Info.plist;
				LD_RUNPATH_SEARCH_PATHS = (
					"$(inherited)",
					"@executable_path/Frameworks",
				);
				PRODUCT_BUNDLE_IDENTIFIER = com.grouchybartender.BeatlesAlbums;
				PRODUCT_NAME = "$(TARGET_NAME)";
				SWIFT_VERSION = 5.0;
				TARGETED_DEVICE_FAMILY = "1,2";
			};
			name = Debug;
		};
		B1057E76244B63740062602E /* Release */ = {
			isa = XCBuildConfiguration;
			buildSettings = {
				ASSETCATALOG_COMPILER_APPICON_NAME = AppIcon;
				CODE_SIGN_STYLE = Automatic;
				DEVELOPMENT_TEAM = RF9G4QRLLG;
				INFOPLIST_FILE = BeatlesAlbums/Info.plist;
				LD_RUNPATH_SEARCH_PATHS = (
					"$(inherited)",
					"@executable_path/Frameworks",
				);
				PRODUCT_BUNDLE_IDENTIFIER = com.grouchybartender.BeatlesAlbums;
				PRODUCT_NAME = "$(TARGET_NAME)";
				SWIFT_VERSION = 5.0;
				TARGETED_DEVICE_FAMILY = "1,2";
			};
			name = Release;
		};
/* End XCBuildConfiguration section */

/* Begin XCConfigurationList section */
		B1057E5B244B63720062602E /* Build configuration list for PBXProject "BeatlesAlbums" */ = {
			isa = XCConfigurationList;
			buildConfigurations = (
				B1057E72244B63740062602E /* Debug */,
				B1057E73244B63740062602E /* Release */,
			);
			defaultConfigurationIsVisible = 0;
			defaultConfigurationName = Release;
		};
		B1057E74244B63740062602E /* Build configuration list for PBXNativeTarget "BeatlesAlbums" */ = {
			isa = XCConfigurationList;
			buildConfigurations = (
				B1057E75244B63740062602E /* Debug */,
				B1057E76244B63740062602E /* Release */,
			);
			defaultConfigurationIsVisible = 0;
			defaultConfigurationName = Release;
		};
/* End XCConfigurationList section */
	};
	rootObject = B1057E58244B63720062602E /* Project object */;
}
